
Microsoft Visual Studio Solution File, Format Version 12.00
# Visual Studio 2013
VisualStudioVersion = 12.0.30324.0
MinimumVisualStudioVersion = 10.0.40219.1
Project("{2150E333-8FDC-42A3-9474-1A3956D46DE8}") = "DynamicProgramming", "DynamicProgramming", "{9ECF396F-2998-4FA7-B1EE-B081832718FB}"
EndProject
Project("{FAE04EC0-301F-11D3-BF4B-00C04F79EFBC}") = "MoneyChange", "DynamicProgramming\MoneyChange\MoneyChange.csproj", "{B5379DFD-438C-48D3-9279-6896C8CF2122}"
EndProject
Project("{FAE04EC0-301F-11D3-BF4B-00C04F79EFBC}") = "MoneyChange.Test", "DynamicProgramming\MoneyChange.Test\MoneyChange.Test.csproj", "{42942C36-8184-47DC-A210-5DBD87E77251}"
EndProject
Project("{2150E333-8FDC-42A3-9474-1A3956D46DE8}") = "Recursion", "Recursion", "{E580BE7D-0B87-48A6-854B-F9A6130C5C98}"
EndProject
Project("{FAE04EC0-301F-11D3-BF4B-00C04F79EFBC}") = "MoneyChange", "Recursion\MoneyChange\MoneyChange.csproj", "{C072D077-55CE-4FA6-B44E-AE9CA0C80C20}"
EndProject
Project("{FAE04EC0-301F-11D3-BF4B-00C04F79EFBC}") = "MoneyChange.Test", "Recursion\MoneyChange.Test\MoneyChange.Test.csproj", "{7B40A36B-B0A9-4C71-B460-F588266AB404}"
EndProject
Project("{FAE04EC0-301F-11D3-BF4B-00C04F79EFBC}") = "MaxValueContiguousSubsequence", "DynamicProgramming\MaxValueContiguousSubsequence\MaxValueContiguousSubsequence.csproj", "{51A8D86F-23D0-4338-9A2C-2C3104B9BCE2}"
EndProject
Project("{FAE04EC0-301F-11D3-BF4B-00C04F79EFBC}") = "MaxValueContiguousSubsequence.Test", "DynamicProgramming\MaxValueContiguousSubsequence.Test\MaxValueContiguousSubsequence.Test.csproj", "{B4B3D739-615C-417F-B91A-61ECDB11FD86}"
EndProject
Project("{FAE04EC0-301F-11D3-BF4B-00C04F79EFBC}") = "LongestIncreasingSubsequence.Test", "DynamicProgramming\LongestIncreasingSubsequence.Test\LongestIncreasingSubsequence.Test.csproj", "{8EC1D57A-F4BB-487F-B40B-22E804BAB13F}"
EndProject
Project("{FAE04EC0-301F-11D3-BF4B-00C04F79EFBC}") = "LongestIncreasingSubsequence", "DynamicProgramming\LongestIncreasingSubsequence\LongestIncreasingSubsequence.csproj", "{BC6263E1-E243-4396-9C52-C3C5D208EF21}"
EndProject
Project("{FAE04EC0-301F-11D3-BF4B-00C04F79EFBC}") = "LongestIncreasingSubsequence.Test", "Recursion\LongestIncreasingSubsequence.Test\LongestIncreasingSubsequence.Test.csproj", "{C6DF61B5-A7FF-4111-ABA0-ED261E2ECA38}"
EndProject
Project("{FAE04EC0-301F-11D3-BF4B-00C04F79EFBC}") = "LongestIncreasingSubsequence", "Recursion\LongestIncreasingSubsequence\LongestIncreasingSubsequence.csproj", "{F560764D-9D1F-4978-ABEB-618C6F1AEF77}"
EndProject
Project("{FAE04EC0-301F-11D3-BF4B-00C04F79EFBC}") = "Knapsack.Test", "DynamicProgramming\Knapsack.Test\Knapsack.Test.csproj", "{1AACD9E2-AA23-4C05-B0A6-BA6216B33DD0}"
EndProject
Project("{FAE04EC0-301F-11D3-BF4B-00C04F79EFBC}") = "Knapsack", "DynamicProgramming\Knapsack\Knapsack.csproj", "{2EB6AA86-22F4-4BEE-9EE0-8328974FE37B}"
EndProject
Project("{2150E333-8FDC-42A3-9474-1A3956D46DE8}") = "LinkedList", "LinkedList", "{150A9E8E-6204-4927-8286-A171C15FF075}"
EndProject
Project("{FAE04EC0-301F-11D3-BF4B-00C04F79EFBC}") = "LinkedList", "LinkedList\LinkedList\LinkedList.csproj", "{F305EE39-3C11-42C0-A355-5CA7A13F00E6}"
EndProject
Project("{FAE04EC0-301F-11D3-BF4B-00C04F79EFBC}") = "LinkedList.Test", "LinkedList\LinkedList.Test\LinkedList.Test.csproj", "{CB6D9504-1B4C-43FB-8167-673D871C816A}"
EndProject
Project("{FAE04EC0-301F-11D3-BF4B-00C04F79EFBC}") = "FindNthLastElement.Test", "LinkedList\FindNthLastElement.Test\FindNthLastElement.Test.csproj", "{35C4FD48-8AF1-471D-BB46-935DFF92AE13}"
EndProject
Project("{FAE04EC0-301F-11D3-BF4B-00C04F79EFBC}") = "FindNthLastElement", "LinkedList\FindNthLastElement\FindNthLastElement.csproj", "{FA8C3E8B-CA79-4AD2-9DD6-A3025304868A}"
EndProject
Project("{FAE04EC0-301F-11D3-BF4B-00C04F79EFBC}") = "FindLoop.Test", "LinkedList\FindLoop.Test\FindLoop.Test.csproj", "{0E7B3BB6-30E0-43CB-9269-0305DD6C531C}"
EndProject
Project("{FAE04EC0-301F-11D3-BF4B-00C04F79EFBC}") = "FindLoop", "LinkedList\FindLoop\FindLoop.csproj", "{768C92AC-C21B-46E1-8EC4-C38819803BF3}"
EndProject
Project("{FAE04EC0-301F-11D3-BF4B-00C04F79EFBC}") = "ReverseLinkedList.Test", "LinkedList\ReverseLinkedList.Test\ReverseLinkedList.Test.csproj", "{9D2D01AF-1F71-4A4D-A409-3D6B8BD03F7F}"
EndProject
Project("{FAE04EC0-301F-11D3-BF4B-00C04F79EFBC}") = "ReverseLinkedList", "LinkedList\ReverseLinkedList\ReverseLinkedList.csproj", "{9BDFC224-8C26-4DD6-97DE-4A7DE9DBDADB}"
EndProject
Project("{FAE04EC0-301F-11D3-BF4B-00C04F79EFBC}") = "ReorderingLinkedList.Test", "LinkedList\ReorderingLinkedList.Test\ReorderingLinkedList.Test.csproj", "{6F0CBD65-9209-4581-B244-635BFF5FF3C6}"
EndProject
Project("{FAE04EC0-301F-11D3-BF4B-00C04F79EFBC}") = "ReorderingLinkedList", "LinkedList\ReorderingLinkedList\ReorderingLinkedList.csproj", "{9932B615-A1D9-49C2-A847-0493C35F57FC}"
EndProject
Project("{FAE04EC0-301F-11D3-BF4B-00C04F79EFBC}") = "ParenthesesValidPairs", "Recursion\ParenthesesValidPairs\ParenthesesValidPairs.csproj", "{2F5DE67E-4B04-4D15-BC17-3853E243D561}"
EndProject
Project("{FAE04EC0-301F-11D3-BF4B-00C04F79EFBC}") = "ParenthesesValidPair.Test", "Recursion\ParenthesesValidPair.Test\ParenthesesValidPair.Test.csproj", "{1CD112E8-266D-4BB4-9C91-45A51004A9D3}"
EndProject
Project("{FAE04EC0-301F-11D3-BF4B-00C04F79EFBC}") = "QueensProblem.Test", "Recursion\QueensProblem.Test\QueensProblem.Test.csproj", "{58F8446C-FA01-428E-8928-62284D1E3CB5}"
EndProject
Project("{FAE04EC0-301F-11D3-BF4B-00C04F79EFBC}") = "QueensProblem", "Recursion\QueensProblem\QueensProblem.csproj", "{71BB716F-B9B9-49D4-8D6C-FDB355119BB5}"
EndProject
Project("{FAE04EC0-301F-11D3-BF4B-00C04F79EFBC}") = "HashMap.Test", "HashMap\HashMap.Test\HashMap.Test.csproj", "{7B00B1F6-AB85-48CE-BDE8-D64AA33E3D2B}"
EndProject
Project("{2150E333-8FDC-42A3-9474-1A3956D46DE8}") = "HashMap", "HashMap", "{C8C2D47F-1513-4E50-BCF7-EEB5A741C9AB}"
EndProject
Project("{FAE04EC0-301F-11D3-BF4B-00C04F79EFBC}") = "HashMap", "HashMap\HashMap\HashMap.csproj", "{36ACF682-BFA1-4319-8B9D-2F898908D873}"
EndProject
Project("{2150E333-8FDC-42A3-9474-1A3956D46DE8}") = "Tree", "Tree", "{4A81FF5C-2E35-49EE-B3CE-99D8572341E4}"
EndProject
Project("{FAE04EC0-301F-11D3-BF4B-00C04F79EFBC}") = "BinarySearchTree.Test", "Tree\BinarySearchTree.Test\BinarySearchTree.Test.csproj", "{C71797D1-6107-44FB-9837-39A05063B959}"
EndProject
Project("{FAE04EC0-301F-11D3-BF4B-00C04F79EFBC}") = "BinarySearchTree", "Tree\BinarySearchTree\BinarySearchTree.csproj", "{FA9102DD-A40B-4F1E-8DC3-EC3A044F147F}"
EndProject
Project("{FAE04EC0-301F-11D3-BF4B-00C04F79EFBC}") = "Trie.Test", "Tree\Trie.Test\Trie.Test.csproj", "{74FAF38C-F406-45BD-B2F3-94FD429BF22C}"
EndProject
Project("{FAE04EC0-301F-11D3-BF4B-00C04F79EFBC}") = "Trie", "Tree\Trie\Trie.csproj", "{9CBCD679-1018-4008-99C7-9FBDAA0BFEC4}"
EndProject
Project("{2150E333-8FDC-42A3-9474-1A3956D46DE8}") = "Graph", "Graph", "{5034B7EC-792F-40B3-880D-43696E2D8A95}"
EndProject
Project("{FAE04EC0-301F-11D3-BF4B-00C04F79EFBC}") = "Graph.Test", "Graph\Graph.Test\Graph.Test.csproj", "{8E6295A8-A9D2-4E31-AFF9-C1CC25C6DDBF}"
EndProject
Project("{FAE04EC0-301F-11D3-BF4B-00C04F79EFBC}") = "Graph", "Graph\Graph\Graph.csproj", "{6365E21D-35F3-4EAA-AB75-4DC02C279E41}"
EndProject
Project("{FAE04EC0-301F-11D3-BF4B-00C04F79EFBC}") = "DijkstraSearch.Test", "Graph\DijkstraSearch.Test\DijkstraSearch.Test.csproj", "{2BB062A5-0D7B-4EC3-AF74-C274EA215B38}"
EndProject
Project("{FAE04EC0-301F-11D3-BF4B-00C04F79EFBC}") = "DijkstraSearch", "Graph\DijkstraSearch\DijkstraSearch.csproj", "{470351D4-5682-4888-A7C7-07114A1461BB}"
EndProject
Project("{2150E333-8FDC-42A3-9474-1A3956D46DE8}") = "Sorting", "Sorting", "{D6FB25F4-5DB4-4384-B4BE-A8F36A8696E2}"
EndProject
Project("{FAE04EC0-301F-11D3-BF4B-00C04F79EFBC}") = "Sotring.Test", "Sorting\Sotring.Test\Sotring.Test.csproj", "{047295E7-261A-47CD-A22F-ADDE59E8F010}"
EndProject
Project("{FAE04EC0-301F-11D3-BF4B-00C04F79EFBC}") = "Sorting", "Sorting\Sorting\Sorting.csproj", "{5DB884D0-9A5F-490A-86E6-C9909AB524C6}"
EndProject
Project("{2150E333-8FDC-42A3-9474-1A3956D46DE8}") = "Arrays", "Arrays", "{95B94760-DB19-409B-9762-755DA2C7EA70}"
EndProject
Project("{FAE04EC0-301F-11D3-BF4B-00C04F79EFBC}") = "BinarySearch.Test", "Arrays\BinarySearch.Test\BinarySearch.Test.csproj", "{771D2E75-7033-4CBB-8364-08FB49A180BA}"
EndProject
Project("{FAE04EC0-301F-11D3-BF4B-00C04F79EFBC}") = "BinarySearch", "Arrays\BinarySearch\BinarySearch.csproj", "{31DCF983-FCD7-4AED-8390-89320D495F48}"
EndProject
Project("{FAE04EC0-301F-11D3-BF4B-00C04F79EFBC}") = "QuickSelect.Test", "Arrays\QuickSelect.Test\QuickSelect.Test.csproj", "{341B8F7F-7AC1-421E-8EC5-177617C252AF}"
EndProject
Project("{FAE04EC0-301F-11D3-BF4B-00C04F79EFBC}") = "QuickSelect", "Arrays\QuickSelect\QuickSelect.csproj", "{EFEA15B7-2DAF-4CBE-8FFE-D95E6D7C6A8A}"
EndProject
Project("{2150E333-8FDC-42A3-9474-1A3956D46DE8}") = "Multithreading", "Multithreading", "{43F6F49D-43A4-4FB3-85BC-29999539F97F}"
EndProject
Project("{FAE04EC0-301F-11D3-BF4B-00C04F79EFBC}") = "ProducerConsumer", "Multithreading\ProducerConsumer\ProducerConsumer.csproj", "{ACE0C50D-D108-430E-892C-7C8E406DFDC9}"
EndProject
Project("{FAE04EC0-301F-11D3-BF4B-00C04F79EFBC}") = "ProducerConsumer.App", "Multithreading\ProducerConsumer.App\ProducerConsumer.App.csproj", "{84A313AA-C4D6-4A13-9F8E-E31C2D9CB441}"
EndProject
Global
	GlobalSection(SolutionConfigurationPlatforms) = preSolution
		Debug|Any CPU = Debug|Any CPU
		Release|Any CPU = Release|Any CPU
	EndGlobalSection
	GlobalSection(ProjectConfigurationPlatforms) = postSolution
		{B5379DFD-438C-48D3-9279-6896C8CF2122}.Debug|Any CPU.ActiveCfg = Debug|Any CPU
		{B5379DFD-438C-48D3-9279-6896C8CF2122}.Debug|Any CPU.Build.0 = Debug|Any CPU
		{B5379DFD-438C-48D3-9279-6896C8CF2122}.Release|Any CPU.ActiveCfg = Release|Any CPU
		{B5379DFD-438C-48D3-9279-6896C8CF2122}.Release|Any CPU.Build.0 = Release|Any CPU
		{42942C36-8184-47DC-A210-5DBD87E77251}.Debug|Any CPU.ActiveCfg = Debug|Any CPU
		{42942C36-8184-47DC-A210-5DBD87E77251}.Debug|Any CPU.Build.0 = Debug|Any CPU
		{42942C36-8184-47DC-A210-5DBD87E77251}.Release|Any CPU.ActiveCfg = Release|Any CPU
		{42942C36-8184-47DC-A210-5DBD87E77251}.Release|Any CPU.Build.0 = Release|Any CPU
		{C072D077-55CE-4FA6-B44E-AE9CA0C80C20}.Debug|Any CPU.ActiveCfg = Debug|Any CPU
		{C072D077-55CE-4FA6-B44E-AE9CA0C80C20}.Debug|Any CPU.Build.0 = Debug|Any CPU
		{C072D077-55CE-4FA6-B44E-AE9CA0C80C20}.Release|Any CPU.ActiveCfg = Release|Any CPU
		{C072D077-55CE-4FA6-B44E-AE9CA0C80C20}.Release|Any CPU.Build.0 = Release|Any CPU
		{7B40A36B-B0A9-4C71-B460-F588266AB404}.Debug|Any CPU.ActiveCfg = Debug|Any CPU
		{7B40A36B-B0A9-4C71-B460-F588266AB404}.Debug|Any CPU.Build.0 = Debug|Any CPU
		{7B40A36B-B0A9-4C71-B460-F588266AB404}.Release|Any CPU.ActiveCfg = Release|Any CPU
		{7B40A36B-B0A9-4C71-B460-F588266AB404}.Release|Any CPU.Build.0 = Release|Any CPU
		{51A8D86F-23D0-4338-9A2C-2C3104B9BCE2}.Debug|Any CPU.ActiveCfg = Debug|Any CPU
		{51A8D86F-23D0-4338-9A2C-2C3104B9BCE2}.Debug|Any CPU.Build.0 = Debug|Any CPU
		{51A8D86F-23D0-4338-9A2C-2C3104B9BCE2}.Release|Any CPU.ActiveCfg = Release|Any CPU
		{51A8D86F-23D0-4338-9A2C-2C3104B9BCE2}.Release|Any CPU.Build.0 = Release|Any CPU
		{B4B3D739-615C-417F-B91A-61ECDB11FD86}.Debug|Any CPU.ActiveCfg = Debug|Any CPU
		{B4B3D739-615C-417F-B91A-61ECDB11FD86}.Debug|Any CPU.Build.0 = Debug|Any CPU
		{B4B3D739-615C-417F-B91A-61ECDB11FD86}.Release|Any CPU.ActiveCfg = Release|Any CPU
		{B4B3D739-615C-417F-B91A-61ECDB11FD86}.Release|Any CPU.Build.0 = Release|Any CPU
		{8EC1D57A-F4BB-487F-B40B-22E804BAB13F}.Debug|Any CPU.ActiveCfg = Debug|Any CPU
		{8EC1D57A-F4BB-487F-B40B-22E804BAB13F}.Debug|Any CPU.Build.0 = Debug|Any CPU
		{8EC1D57A-F4BB-487F-B40B-22E804BAB13F}.Release|Any CPU.ActiveCfg = Release|Any CPU
		{8EC1D57A-F4BB-487F-B40B-22E804BAB13F}.Release|Any CPU.Build.0 = Release|Any CPU
		{BC6263E1-E243-4396-9C52-C3C5D208EF21}.Debug|Any CPU.ActiveCfg = Debug|Any CPU
		{BC6263E1-E243-4396-9C52-C3C5D208EF21}.Debug|Any CPU.Build.0 = Debug|Any CPU
		{BC6263E1-E243-4396-9C52-C3C5D208EF21}.Release|Any CPU.ActiveCfg = Release|Any CPU
		{BC6263E1-E243-4396-9C52-C3C5D208EF21}.Release|Any CPU.Build.0 = Release|Any CPU
		{C6DF61B5-A7FF-4111-ABA0-ED261E2ECA38}.Debug|Any CPU.ActiveCfg = Debug|Any CPU
		{C6DF61B5-A7FF-4111-ABA0-ED261E2ECA38}.Debug|Any CPU.Build.0 = Debug|Any CPU
		{C6DF61B5-A7FF-4111-ABA0-ED261E2ECA38}.Release|Any CPU.ActiveCfg = Release|Any CPU
		{C6DF61B5-A7FF-4111-ABA0-ED261E2ECA38}.Release|Any CPU.Build.0 = Release|Any CPU
		{F560764D-9D1F-4978-ABEB-618C6F1AEF77}.Debug|Any CPU.ActiveCfg = Debug|Any CPU
		{F560764D-9D1F-4978-ABEB-618C6F1AEF77}.Debug|Any CPU.Build.0 = Debug|Any CPU
		{F560764D-9D1F-4978-ABEB-618C6F1AEF77}.Release|Any CPU.ActiveCfg = Release|Any CPU
		{F560764D-9D1F-4978-ABEB-618C6F1AEF77}.Release|Any CPU.Build.0 = Release|Any CPU
		{1AACD9E2-AA23-4C05-B0A6-BA6216B33DD0}.Debug|Any CPU.ActiveCfg = Debug|Any CPU
		{1AACD9E2-AA23-4C05-B0A6-BA6216B33DD0}.Debug|Any CPU.Build.0 = Debug|Any CPU
		{1AACD9E2-AA23-4C05-B0A6-BA6216B33DD0}.Release|Any CPU.ActiveCfg = Release|Any CPU
		{1AACD9E2-AA23-4C05-B0A6-BA6216B33DD0}.Release|Any CPU.Build.0 = Release|Any CPU
		{2EB6AA86-22F4-4BEE-9EE0-8328974FE37B}.Debug|Any CPU.ActiveCfg = Debug|Any CPU
		{2EB6AA86-22F4-4BEE-9EE0-8328974FE37B}.Debug|Any CPU.Build.0 = Debug|Any CPU
		{2EB6AA86-22F4-4BEE-9EE0-8328974FE37B}.Release|Any CPU.ActiveCfg = Release|Any CPU
		{2EB6AA86-22F4-4BEE-9EE0-8328974FE37B}.Release|Any CPU.Build.0 = Release|Any CPU
		{F305EE39-3C11-42C0-A355-5CA7A13F00E6}.Debug|Any CPU.ActiveCfg = Debug|Any CPU
		{F305EE39-3C11-42C0-A355-5CA7A13F00E6}.Debug|Any CPU.Build.0 = Debug|Any CPU
		{F305EE39-3C11-42C0-A355-5CA7A13F00E6}.Release|Any CPU.ActiveCfg = Release|Any CPU
		{F305EE39-3C11-42C0-A355-5CA7A13F00E6}.Release|Any CPU.Build.0 = Release|Any CPU
		{CB6D9504-1B4C-43FB-8167-673D871C816A}.Debug|Any CPU.ActiveCfg = Debug|Any CPU
		{CB6D9504-1B4C-43FB-8167-673D871C816A}.Debug|Any CPU.Build.0 = Debug|Any CPU
		{CB6D9504-1B4C-43FB-8167-673D871C816A}.Release|Any CPU.ActiveCfg = Release|Any CPU
		{CB6D9504-1B4C-43FB-8167-673D871C816A}.Release|Any CPU.Build.0 = Release|Any CPU
		{35C4FD48-8AF1-471D-BB46-935DFF92AE13}.Debug|Any CPU.ActiveCfg = Debug|Any CPU
		{35C4FD48-8AF1-471D-BB46-935DFF92AE13}.Debug|Any CPU.Build.0 = Debug|Any CPU
		{35C4FD48-8AF1-471D-BB46-935DFF92AE13}.Release|Any CPU.ActiveCfg = Release|Any CPU
		{35C4FD48-8AF1-471D-BB46-935DFF92AE13}.Release|Any CPU.Build.0 = Release|Any CPU
		{FA8C3E8B-CA79-4AD2-9DD6-A3025304868A}.Debug|Any CPU.ActiveCfg = Debug|Any CPU
		{FA8C3E8B-CA79-4AD2-9DD6-A3025304868A}.Debug|Any CPU.Build.0 = Debug|Any CPU
		{FA8C3E8B-CA79-4AD2-9DD6-A3025304868A}.Release|Any CPU.ActiveCfg = Release|Any CPU
		{FA8C3E8B-CA79-4AD2-9DD6-A3025304868A}.Release|Any CPU.Build.0 = Release|Any CPU
		{0E7B3BB6-30E0-43CB-9269-0305DD6C531C}.Debug|Any CPU.ActiveCfg = Debug|Any CPU
		{0E7B3BB6-30E0-43CB-9269-0305DD6C531C}.Debug|Any CPU.Build.0 = Debug|Any CPU
		{0E7B3BB6-30E0-43CB-9269-0305DD6C531C}.Release|Any CPU.ActiveCfg = Release|Any CPU
		{0E7B3BB6-30E0-43CB-9269-0305DD6C531C}.Release|Any CPU.Build.0 = Release|Any CPU
		{768C92AC-C21B-46E1-8EC4-C38819803BF3}.Debug|Any CPU.ActiveCfg = Debug|Any CPU
		{768C92AC-C21B-46E1-8EC4-C38819803BF3}.Debug|Any CPU.Build.0 = Debug|Any CPU
		{768C92AC-C21B-46E1-8EC4-C38819803BF3}.Release|Any CPU.ActiveCfg = Release|Any CPU
		{768C92AC-C21B-46E1-8EC4-C38819803BF3}.Release|Any CPU.Build.0 = Release|Any CPU
		{9D2D01AF-1F71-4A4D-A409-3D6B8BD03F7F}.Debug|Any CPU.ActiveCfg = Debug|Any CPU
		{9D2D01AF-1F71-4A4D-A409-3D6B8BD03F7F}.Debug|Any CPU.Build.0 = Debug|Any CPU
		{9D2D01AF-1F71-4A4D-A409-3D6B8BD03F7F}.Release|Any CPU.ActiveCfg = Release|Any CPU
		{9D2D01AF-1F71-4A4D-A409-3D6B8BD03F7F}.Release|Any CPU.Build.0 = Release|Any CPU
		{9BDFC224-8C26-4DD6-97DE-4A7DE9DBDADB}.Debug|Any CPU.ActiveCfg = Debug|Any CPU
		{9BDFC224-8C26-4DD6-97DE-4A7DE9DBDADB}.Debug|Any CPU.Build.0 = Debug|Any CPU
		{9BDFC224-8C26-4DD6-97DE-4A7DE9DBDADB}.Release|Any CPU.ActiveCfg = Release|Any CPU
		{9BDFC224-8C26-4DD6-97DE-4A7DE9DBDADB}.Release|Any CPU.Build.0 = Release|Any CPU
		{6F0CBD65-9209-4581-B244-635BFF5FF3C6}.Debug|Any CPU.ActiveCfg = Debug|Any CPU
		{6F0CBD65-9209-4581-B244-635BFF5FF3C6}.Debug|Any CPU.Build.0 = Debug|Any CPU
		{6F0CBD65-9209-4581-B244-635BFF5FF3C6}.Release|Any CPU.ActiveCfg = Release|Any CPU
		{6F0CBD65-9209-4581-B244-635BFF5FF3C6}.Release|Any CPU.Build.0 = Release|Any CPU
		{9932B615-A1D9-49C2-A847-0493C35F57FC}.Debug|Any CPU.ActiveCfg = Debug|Any CPU
		{9932B615-A1D9-49C2-A847-0493C35F57FC}.Debug|Any CPU.Build.0 = Debug|Any CPU
		{9932B615-A1D9-49C2-A847-0493C35F57FC}.Release|Any CPU.ActiveCfg = Release|Any CPU
		{9932B615-A1D9-49C2-A847-0493C35F57FC}.Release|Any CPU.Build.0 = Release|Any CPU
		{2F5DE67E-4B04-4D15-BC17-3853E243D561}.Debug|Any CPU.ActiveCfg = Debug|Any CPU
		{2F5DE67E-4B04-4D15-BC17-3853E243D561}.Debug|Any CPU.Build.0 = Debug|Any CPU
		{2F5DE67E-4B04-4D15-BC17-3853E243D561}.Release|Any CPU.ActiveCfg = Release|Any CPU
		{2F5DE67E-4B04-4D15-BC17-3853E243D561}.Release|Any CPU.Build.0 = Release|Any CPU
		{1CD112E8-266D-4BB4-9C91-45A51004A9D3}.Debug|Any CPU.ActiveCfg = Debug|Any CPU
		{1CD112E8-266D-4BB4-9C91-45A51004A9D3}.Debug|Any CPU.Build.0 = Debug|Any CPU
		{1CD112E8-266D-4BB4-9C91-45A51004A9D3}.Release|Any CPU.ActiveCfg = Release|Any CPU
		{1CD112E8-266D-4BB4-9C91-45A51004A9D3}.Release|Any CPU.Build.0 = Release|Any CPU
		{58F8446C-FA01-428E-8928-62284D1E3CB5}.Debug|Any CPU.ActiveCfg = Debug|Any CPU
		{58F8446C-FA01-428E-8928-62284D1E3CB5}.Debug|Any CPU.Build.0 = Debug|Any CPU
		{58F8446C-FA01-428E-8928-62284D1E3CB5}.Release|Any CPU.ActiveCfg = Release|Any CPU
		{58F8446C-FA01-428E-8928-62284D1E3CB5}.Release|Any CPU.Build.0 = Release|Any CPU
		{71BB716F-B9B9-49D4-8D6C-FDB355119BB5}.Debug|Any CPU.ActiveCfg = Debug|Any CPU
		{71BB716F-B9B9-49D4-8D6C-FDB355119BB5}.Debug|Any CPU.Build.0 = Debug|Any CPU
		{71BB716F-B9B9-49D4-8D6C-FDB355119BB5}.Release|Any CPU.ActiveCfg = Release|Any CPU
		{71BB716F-B9B9-49D4-8D6C-FDB355119BB5}.Release|Any CPU.Build.0 = Release|Any CPU
		{7B00B1F6-AB85-48CE-BDE8-D64AA33E3D2B}.Debug|Any CPU.ActiveCfg = Debug|Any CPU
		{7B00B1F6-AB85-48CE-BDE8-D64AA33E3D2B}.Debug|Any CPU.Build.0 = Debug|Any CPU
		{7B00B1F6-AB85-48CE-BDE8-D64AA33E3D2B}.Release|Any CPU.ActiveCfg = Release|Any CPU
		{7B00B1F6-AB85-48CE-BDE8-D64AA33E3D2B}.Release|Any CPU.Build.0 = Release|Any CPU
		{36ACF682-BFA1-4319-8B9D-2F898908D873}.Debug|Any CPU.ActiveCfg = Debug|Any CPU
		{36ACF682-BFA1-4319-8B9D-2F898908D873}.Debug|Any CPU.Build.0 = Debug|Any CPU
		{36ACF682-BFA1-4319-8B9D-2F898908D873}.Release|Any CPU.ActiveCfg = Release|Any CPU
		{36ACF682-BFA1-4319-8B9D-2F898908D873}.Release|Any CPU.Build.0 = Release|Any CPU
		{C71797D1-6107-44FB-9837-39A05063B959}.Debug|Any CPU.ActiveCfg = Debug|Any CPU
		{C71797D1-6107-44FB-9837-39A05063B959}.Debug|Any CPU.Build.0 = Debug|Any CPU
		{C71797D1-6107-44FB-9837-39A05063B959}.Release|Any CPU.ActiveCfg = Release|Any CPU
		{C71797D1-6107-44FB-9837-39A05063B959}.Release|Any CPU.Build.0 = Release|Any CPU
		{FA9102DD-A40B-4F1E-8DC3-EC3A044F147F}.Debug|Any CPU.ActiveCfg = Debug|Any CPU
		{FA9102DD-A40B-4F1E-8DC3-EC3A044F147F}.Debug|Any CPU.Build.0 = Debug|Any CPU
		{FA9102DD-A40B-4F1E-8DC3-EC3A044F147F}.Release|Any CPU.ActiveCfg = Release|Any CPU
		{FA9102DD-A40B-4F1E-8DC3-EC3A044F147F}.Release|Any CPU.Build.0 = Release|Any CPU
		{74FAF38C-F406-45BD-B2F3-94FD429BF22C}.Debug|Any CPU.ActiveCfg = Debug|Any CPU
		{74FAF38C-F406-45BD-B2F3-94FD429BF22C}.Debug|Any CPU.Build.0 = Debug|Any CPU
		{74FAF38C-F406-45BD-B2F3-94FD429BF22C}.Release|Any CPU.ActiveCfg = Release|Any CPU
		{74FAF38C-F406-45BD-B2F3-94FD429BF22C}.Release|Any CPU.Build.0 = Release|Any CPU
		{9CBCD679-1018-4008-99C7-9FBDAA0BFEC4}.Debug|Any CPU.ActiveCfg = Debug|Any CPU
		{9CBCD679-1018-4008-99C7-9FBDAA0BFEC4}.Debug|Any CPU.Build.0 = Debug|Any CPU
		{9CBCD679-1018-4008-99C7-9FBDAA0BFEC4}.Release|Any CPU.ActiveCfg = Release|Any CPU
		{9CBCD679-1018-4008-99C7-9FBDAA0BFEC4}.Release|Any CPU.Build.0 = Release|Any CPU
		{8E6295A8-A9D2-4E31-AFF9-C1CC25C6DDBF}.Debug|Any CPU.ActiveCfg = Debug|Any CPU
		{8E6295A8-A9D2-4E31-AFF9-C1CC25C6DDBF}.Debug|Any CPU.Build.0 = Debug|Any CPU
		{8E6295A8-A9D2-4E31-AFF9-C1CC25C6DDBF}.Release|Any CPU.ActiveCfg = Release|Any CPU
		{8E6295A8-A9D2-4E31-AFF9-C1CC25C6DDBF}.Release|Any CPU.Build.0 = Release|Any CPU
		{6365E21D-35F3-4EAA-AB75-4DC02C279E41}.Debug|Any CPU.ActiveCfg = Debug|Any CPU
		{6365E21D-35F3-4EAA-AB75-4DC02C279E41}.Debug|Any CPU.Build.0 = Debug|Any CPU
		{6365E21D-35F3-4EAA-AB75-4DC02C279E41}.Release|Any CPU.ActiveCfg = Release|Any CPU
		{6365E21D-35F3-4EAA-AB75-4DC02C279E41}.Release|Any CPU.Build.0 = Release|Any CPU
		{2BB062A5-0D7B-4EC3-AF74-C274EA215B38}.Debug|Any CPU.ActiveCfg = Debug|Any CPU
		{2BB062A5-0D7B-4EC3-AF74-C274EA215B38}.Debug|Any CPU.Build.0 = Debug|Any CPU
		{2BB062A5-0D7B-4EC3-AF74-C274EA215B38}.Release|Any CPU.ActiveCfg = Release|Any CPU
		{2BB062A5-0D7B-4EC3-AF74-C274EA215B38}.Release|Any CPU.Build.0 = Release|Any CPU
		{470351D4-5682-4888-A7C7-07114A1461BB}.Debug|Any CPU.ActiveCfg = Debug|Any CPU
		{470351D4-5682-4888-A7C7-07114A1461BB}.Debug|Any CPU.Build.0 = Debug|Any CPU
		{470351D4-5682-4888-A7C7-07114A1461BB}.Release|Any CPU.ActiveCfg = Release|Any CPU
		{470351D4-5682-4888-A7C7-07114A1461BB}.Release|Any CPU.Build.0 = Release|Any CPU
		{047295E7-261A-47CD-A22F-ADDE59E8F010}.Debug|Any CPU.ActiveCfg = Debug|Any CPU
		{047295E7-261A-47CD-A22F-ADDE59E8F010}.Debug|Any CPU.Build.0 = Debug|Any CPU
		{047295E7-261A-47CD-A22F-ADDE59E8F010}.Release|Any CPU.ActiveCfg = Release|Any CPU
		{047295E7-261A-47CD-A22F-ADDE59E8F010}.Release|Any CPU.Build.0 = Release|Any CPU
		{5DB884D0-9A5F-490A-86E6-C9909AB524C6}.Debug|Any CPU.ActiveCfg = Debug|Any CPU
		{5DB884D0-9A5F-490A-86E6-C9909AB524C6}.Debug|Any CPU.Build.0 = Debug|Any CPU
		{5DB884D0-9A5F-490A-86E6-C9909AB524C6}.Release|Any CPU.ActiveCfg = Release|Any CPU
		{5DB884D0-9A5F-490A-86E6-C9909AB524C6}.Release|Any CPU.Build.0 = Release|Any CPU
		{771D2E75-7033-4CBB-8364-08FB49A180BA}.Debug|Any CPU.ActiveCfg = Debug|Any CPU
		{771D2E75-7033-4CBB-8364-08FB49A180BA}.Debug|Any CPU.Build.0 = Debug|Any CPU
		{771D2E75-7033-4CBB-8364-08FB49A180BA}.Release|Any CPU.ActiveCfg = Release|Any CPU
		{771D2E75-7033-4CBB-8364-08FB49A180BA}.Release|Any CPU.Build.0 = Release|Any CPU
		{31DCF983-FCD7-4AED-8390-89320D495F48}.Debug|Any CPU.ActiveCfg = Debug|Any CPU
		{31DCF983-FCD7-4AED-8390-89320D495F48}.Debug|Any CPU.Build.0 = Debug|Any CPU
		{31DCF983-FCD7-4AED-8390-89320D495F48}.Release|Any CPU.ActiveCfg = Release|Any CPU
		{31DCF983-FCD7-4AED-8390-89320D495F48}.Release|Any CPU.Build.0 = Release|Any CPU
		{341B8F7F-7AC1-421E-8EC5-177617C252AF}.Debug|Any CPU.ActiveCfg = Debug|Any CPU
		{341B8F7F-7AC1-421E-8EC5-177617C252AF}.Debug|Any CPU.Build.0 = Debug|Any CPU
		{341B8F7F-7AC1-421E-8EC5-177617C252AF}.Release|Any CPU.ActiveCfg = Release|Any CPU
		{341B8F7F-7AC1-421E-8EC5-177617C252AF}.Release|Any CPU.Build.0 = Release|Any CPU
		{EFEA15B7-2DAF-4CBE-8FFE-D95E6D7C6A8A}.Debug|Any CPU.ActiveCfg = Debug|Any CPU
		{EFEA15B7-2DAF-4CBE-8FFE-D95E6D7C6A8A}.Debug|Any CPU.Build.0 = Debug|Any CPU
		{EFEA15B7-2DAF-4CBE-8FFE-D95E6D7C6A8A}.Release|Any CPU.ActiveCfg = Release|Any CPU
		{EFEA15B7-2DAF-4CBE-8FFE-D95E6D7C6A8A}.Release|Any CPU.Build.0 = Release|Any CPU
		{ACE0C50D-D108-430E-892C-7C8E406DFDC9}.Debug|Any CPU.ActiveCfg = Debug|Any CPU
		{ACE0C50D-D108-430E-892C-7C8E406DFDC9}.Debug|Any CPU.Build.0 = Debug|Any CPU
		{ACE0C50D-D108-430E-892C-7C8E406DFDC9}.Release|Any CPU.ActiveCfg = Release|Any CPU
		{ACE0C50D-D108-430E-892C-7C8E406DFDC9}.Release|Any CPU.Build.0 = Release|Any CPU
		{84A313AA-C4D6-4A13-9F8E-E31C2D9CB441}.Debug|Any CPU.ActiveCfg = Debug|Any CPU
		{84A313AA-C4D6-4A13-9F8E-E31C2D9CB441}.Debug|Any CPU.Build.0 = Debug|Any CPU
		{84A313AA-C4D6-4A13-9F8E-E31C2D9CB441}.Release|Any CPU.ActiveCfg = Release|Any CPU
		{84A313AA-C4D6-4A13-9F8E-E31C2D9CB441}.Release|Any CPU.Build.0 = Release|Any CPU
	EndGlobalSection
	GlobalSection(SolutionProperties) = preSolution
		HideSolutionNode = FALSE
	EndGlobalSection
	GlobalSection(NestedProjects) = preSolution
		{B5379DFD-438C-48D3-9279-6896C8CF2122} = {9ECF396F-2998-4FA7-B1EE-B081832718FB}
		{42942C36-8184-47DC-A210-5DBD87E77251} = {9ECF396F-2998-4FA7-B1EE-B081832718FB}
		{C072D077-55CE-4FA6-B44E-AE9CA0C80C20} = {E580BE7D-0B87-48A6-854B-F9A6130C5C98}
		{7B40A36B-B0A9-4C71-B460-F588266AB404} = {E580BE7D-0B87-48A6-854B-F9A6130C5C98}
		{51A8D86F-23D0-4338-9A2C-2C3104B9BCE2} = {9ECF396F-2998-4FA7-B1EE-B081832718FB}
		{B4B3D739-615C-417F-B91A-61ECDB11FD86} = {9ECF396F-2998-4FA7-B1EE-B081832718FB}
		{8EC1D57A-F4BB-487F-B40B-22E804BAB13F} = {9ECF396F-2998-4FA7-B1EE-B081832718FB}
		{BC6263E1-E243-4396-9C52-C3C5D208EF21} = {9ECF396F-2998-4FA7-B1EE-B081832718FB}
		{C6DF61B5-A7FF-4111-ABA0-ED261E2ECA38} = {E580BE7D-0B87-48A6-854B-F9A6130C5C98}
		{F560764D-9D1F-4978-ABEB-618C6F1AEF77} = {E580BE7D-0B87-48A6-854B-F9A6130C5C98}
		{1AACD9E2-AA23-4C05-B0A6-BA6216B33DD0} = {9ECF396F-2998-4FA7-B1EE-B081832718FB}
		{2EB6AA86-22F4-4BEE-9EE0-8328974FE37B} = {9ECF396F-2998-4FA7-B1EE-B081832718FB}
		{F305EE39-3C11-42C0-A355-5CA7A13F00E6} = {150A9E8E-6204-4927-8286-A171C15FF075}
		{CB6D9504-1B4C-43FB-8167-673D871C816A} = {150A9E8E-6204-4927-8286-A171C15FF075}
		{35C4FD48-8AF1-471D-BB46-935DFF92AE13} = {150A9E8E-6204-4927-8286-A171C15FF075}
		{FA8C3E8B-CA79-4AD2-9DD6-A3025304868A} = {150A9E8E-6204-4927-8286-A171C15FF075}
		{0E7B3BB6-30E0-43CB-9269-0305DD6C531C} = {150A9E8E-6204-4927-8286-A171C15FF075}
		{768C92AC-C21B-46E1-8EC4-C38819803BF3} = {150A9E8E-6204-4927-8286-A171C15FF075}
		{9D2D01AF-1F71-4A4D-A409-3D6B8BD03F7F} = {150A9E8E-6204-4927-8286-A171C15FF075}
		{9BDFC224-8C26-4DD6-97DE-4A7DE9DBDADB} = {150A9E8E-6204-4927-8286-A171C15FF075}
		{6F0CBD65-9209-4581-B244-635BFF5FF3C6} = {150A9E8E-6204-4927-8286-A171C15FF075}
		{9932B615-A1D9-49C2-A847-0493C35F57FC} = {150A9E8E-6204-4927-8286-A171C15FF075}
		{2F5DE67E-4B04-4D15-BC17-3853E243D561} = {E580BE7D-0B87-48A6-854B-F9A6130C5C98}
		{1CD112E8-266D-4BB4-9C91-45A51004A9D3} = {E580BE7D-0B87-48A6-854B-F9A6130C5C98}
		{58F8446C-FA01-428E-8928-62284D1E3CB5} = {E580BE7D-0B87-48A6-854B-F9A6130C5C98}
		{71BB716F-B9B9-49D4-8D6C-FDB355119BB5} = {E580BE7D-0B87-48A6-854B-F9A6130C5C98}
		{7B00B1F6-AB85-48CE-BDE8-D64AA33E3D2B} = {C8C2D47F-1513-4E50-BCF7-EEB5A741C9AB}
		{36ACF682-BFA1-4319-8B9D-2F898908D873} = {C8C2D47F-1513-4E50-BCF7-EEB5A741C9AB}
		{C71797D1-6107-44FB-9837-39A05063B959} = {4A81FF5C-2E35-49EE-B3CE-99D8572341E4}
		{FA9102DD-A40B-4F1E-8DC3-EC3A044F147F} = {4A81FF5C-2E35-49EE-B3CE-99D8572341E4}
		{74FAF38C-F406-45BD-B2F3-94FD429BF22C} = {4A81FF5C-2E35-49EE-B3CE-99D8572341E4}
		{9CBCD679-1018-4008-99C7-9FBDAA0BFEC4} = {4A81FF5C-2E35-49EE-B3CE-99D8572341E4}
		{8E6295A8-A9D2-4E31-AFF9-C1CC25C6DDBF} = {5034B7EC-792F-40B3-880D-43696E2D8A95}
		{6365E21D-35F3-4EAA-AB75-4DC02C279E41} = {5034B7EC-792F-40B3-880D-43696E2D8A95}
		{2BB062A5-0D7B-4EC3-AF74-C274EA215B38} = {5034B7EC-792F-40B3-880D-43696E2D8A95}
		{470351D4-5682-4888-A7C7-07114A1461BB} = {5034B7EC-792F-40B3-880D-43696E2D8A95}
		{047295E7-261A-47CD-A22F-ADDE59E8F010} = {D6FB25F4-5DB4-4384-B4BE-A8F36A8696E2}
		{5DB884D0-9A5F-490A-86E6-C9909AB524C6} = {D6FB25F4-5DB4-4384-B4BE-A8F36A8696E2}
		{771D2E75-7033-4CBB-8364-08FB49A180BA} = {95B94760-DB19-409B-9762-755DA2C7EA70}
		{31DCF983-FCD7-4AED-8390-89320D495F48} = {95B94760-DB19-409B-9762-755DA2C7EA70}
		{341B8F7F-7AC1-421E-8EC5-177617C252AF} = {95B94760-DB19-409B-9762-755DA2C7EA70}
		{EFEA15B7-2DAF-4CBE-8FFE-D95E6D7C6A8A} = {95B94760-DB19-409B-9762-755DA2C7EA70}
		{ACE0C50D-D108-430E-892C-7C8E406DFDC9} = {43F6F49D-43A4-4FB3-85BC-29999539F97F}
		{84A313AA-C4D6-4A13-9F8E-E31C2D9CB441} = {43F6F49D-43A4-4FB3-85BC-29999539F97F}
	EndGlobalSection
EndGlobal
