
Microsoft Visual Studio Solution File, Format Version 12.00
# Visual Studio 2013
VisualStudioVersion = 12.0.30324.0
MinimumVisualStudioVersion = 10.0.40219.1
Project("{2150E333-8FDC-42A3-9474-1A3956D46DE8}") = "DynamicProgramming", "DynamicProgramming", "{9ECF396F-2998-4FA7-B1EE-B081832718FB}"
EndProject
Project("{FAE04EC0-301F-11D3-BF4B-00C04F79EFBC}") = "MoneyChange", "DynamicProgramming\MoneyChange\MoneyChange.csproj", "{B5379DFD-438C-48D3-9279-6896C8CF2122}"
EndProject
Project("{FAE04EC0-301F-11D3-BF4B-00C04F79EFBC}") = "MoneyChange.Test", "DynamicProgramming\MoneyChange.Test\MoneyChange.Test.csproj", "{42942C36-8184-47DC-A210-5DBD87E77251}"
EndProject
Project("{2150E333-8FDC-42A3-9474-1A3956D46DE8}") = "Recursion", "Recursion", "{E580BE7D-0B87-48A6-854B-F9A6130C5C98}"
EndProject
Project("{FAE04EC0-301F-11D3-BF4B-00C04F79EFBC}") = "MoneyChange", "Recursion\MoneyChange\MoneyChange.csproj", "{C072D077-55CE-4FA6-B44E-AE9CA0C80C20}"
EndProject
Project("{FAE04EC0-301F-11D3-BF4B-00C04F79EFBC}") = "MoneyChange.Test", "Recursion\MoneyChange.Test\MoneyChange.Test.csproj", "{7B40A36B-B0A9-4C71-B460-F588266AB404}"
EndProject
Project("{FAE04EC0-301F-11D3-BF4B-00C04F79EFBC}") = "MaxValueContiguousSubsequence", "DynamicProgramming\MaxValueContiguousSubsequence\MaxValueContiguousSubsequence.csproj", "{51A8D86F-23D0-4338-9A2C-2C3104B9BCE2}"
EndProject
Project("{FAE04EC0-301F-11D3-BF4B-00C04F79EFBC}") = "MaxValueContiguousSubsequence.Test", "DynamicProgramming\MaxValueContiguousSubsequence.Test\MaxValueContiguousSubsequence.Test.csproj", "{B4B3D739-615C-417F-B91A-61ECDB11FD86}"
EndProject
Project("{FAE04EC0-301F-11D3-BF4B-00C04F79EFBC}") = "LongestIncreasingSubsequence.Test", "DynamicProgramming\LongestIncreasingSubsequence.Test\LongestIncreasingSubsequence.Test.csproj", "{8EC1D57A-F4BB-487F-B40B-22E804BAB13F}"
EndProject
Project("{FAE04EC0-301F-11D3-BF4B-00C04F79EFBC}") = "LongestIncreasingSubsequence", "DynamicProgramming\LongestIncreasingSubsequence\LongestIncreasingSubsequence.csproj", "{BC6263E1-E243-4396-9C52-C3C5D208EF21}"
EndProject
Project("{FAE04EC0-301F-11D3-BF4B-00C04F79EFBC}") = "LongestIncreasingSubsequence.Test", "Recursion\LongestIncreasingSubsequence.Test\LongestIncreasingSubsequence.Test.csproj", "{C6DF61B5-A7FF-4111-ABA0-ED261E2ECA38}"
EndProject
Project("{FAE04EC0-301F-11D3-BF4B-00C04F79EFBC}") = "LongestIncreasingSubsequence", "Recursion\LongestIncreasingSubsequence\LongestIncreasingSubsequence.csproj", "{F560764D-9D1F-4978-ABEB-618C6F1AEF77}"
EndProject
Project("{FAE04EC0-301F-11D3-BF4B-00C04F79EFBC}") = "Knapsack.Test", "DynamicProgramming\Knapsack.Test\Knapsack.Test.csproj", "{1AACD9E2-AA23-4C05-B0A6-BA6216B33DD0}"
EndProject
Project("{FAE04EC0-301F-11D3-BF4B-00C04F79EFBC}") = "Knapsack", "DynamicProgramming\Knapsack\Knapsack.csproj", "{2EB6AA86-22F4-4BEE-9EE0-8328974FE37B}"
EndProject
Project("{2150E333-8FDC-42A3-9474-1A3956D46DE8}") = "LinkedList", "LinkedList", "{150A9E8E-6204-4927-8286-A171C15FF075}"
EndProject
Project("{FAE04EC0-301F-11D3-BF4B-00C04F79EFBC}") = "LinkedList", "LinkedList\LinkedList\LinkedList.csproj", "{F305EE39-3C11-42C0-A355-5CA7A13F00E6}"
EndProject
Project("{FAE04EC0-301F-11D3-BF4B-00C04F79EFBC}") = "LinkedList.Test", "LinkedList\LinkedList.Test\LinkedList.Test.csproj", "{CB6D9504-1B4C-43FB-8167-673D871C816A}"
EndProject
Project("{FAE04EC0-301F-11D3-BF4B-00C04F79EFBC}") = "FindNthLastElement.Test", "LinkedList\FindNthLastElement.Test\FindNthLastElement.Test.csproj", "{35C4FD48-8AF1-471D-BB46-935DFF92AE13}"
EndProject
Project("{FAE04EC0-301F-11D3-BF4B-00C04F79EFBC}") = "FindNthLastElement", "LinkedList\FindNthLastElement\FindNthLastElement.csproj", "{FA8C3E8B-CA79-4AD2-9DD6-A3025304868A}"
EndProject
Project("{FAE04EC0-301F-11D3-BF4B-00C04F79EFBC}") = "FindLoop.Test", "LinkedList\FindLoop.Test\FindLoop.Test.csproj", "{0E7B3BB6-30E0-43CB-9269-0305DD6C531C}"
EndProject
Project("{FAE04EC0-301F-11D3-BF4B-00C04F79EFBC}") = "FindLoop", "LinkedList\FindLoop\FindLoop.csproj", "{768C92AC-C21B-46E1-8EC4-C38819803BF3}"
EndProject
Project("{FAE04EC0-301F-11D3-BF4B-00C04F79EFBC}") = "ReverseLinkedList.Test", "LinkedList\ReverseLinkedList.Test\ReverseLinkedList.Test.csproj", "{9D2D01AF-1F71-4A4D-A409-3D6B8BD03F7F}"
EndProject
Project("{FAE04EC0-301F-11D3-BF4B-00C04F79EFBC}") = "ReverseLinkedList", "LinkedList\ReverseLinkedList\ReverseLinkedList.csproj", "{9BDFC224-8C26-4DD6-97DE-4A7DE9DBDADB}"
EndProject
Project("{FAE04EC0-301F-11D3-BF4B-00C04F79EFBC}") = "ReorderingLinkedList.Test", "LinkedList\ReorderingLinkedList.Test\ReorderingLinkedList.Test.csproj", "{6F0CBD65-9209-4581-B244-635BFF5FF3C6}"
EndProject
Project("{FAE04EC0-301F-11D3-BF4B-00C04F79EFBC}") = "ReorderingLinkedList", "LinkedList\ReorderingLinkedList\ReorderingLinkedList.csproj", "{9932B615-A1D9-49C2-A847-0493C35F57FC}"
EndProject
Project("{FAE04EC0-301F-11D3-BF4B-00C04F79EFBC}") = "ParenthesesValidPairs", "Recursion\ParenthesesValidPairs\ParenthesesValidPairs.csproj", "{2F5DE67E-4B04-4D15-BC17-3853E243D561}"
EndProject
Project("{FAE04EC0-301F-11D3-BF4B-00C04F79EFBC}") = "ParenthesesValidPair.Test", "Recursion\ParenthesesValidPair.Test\ParenthesesValidPair.Test.csproj", "{1CD112E8-266D-4BB4-9C91-45A51004A9D3}"
EndProject
Global
	GlobalSection(SolutionConfigurationPlatforms) = preSolution
		Debug|Any CPU = Debug|Any CPU
		Release|Any CPU = Release|Any CPU
	EndGlobalSection
	GlobalSection(ProjectConfigurationPlatforms) = postSolution
		{B5379DFD-438C-48D3-9279-6896C8CF2122}.Debug|Any CPU.ActiveCfg = Debug|Any CPU
		{B5379DFD-438C-48D3-9279-6896C8CF2122}.Debug|Any CPU.Build.0 = Debug|Any CPU
		{B5379DFD-438C-48D3-9279-6896C8CF2122}.Release|Any CPU.ActiveCfg = Release|Any CPU
		{B5379DFD-438C-48D3-9279-6896C8CF2122}.Release|Any CPU.Build.0 = Release|Any CPU
		{42942C36-8184-47DC-A210-5DBD87E77251}.Debug|Any CPU.ActiveCfg = Debug|Any CPU
		{42942C36-8184-47DC-A210-5DBD87E77251}.Debug|Any CPU.Build.0 = Debug|Any CPU
		{42942C36-8184-47DC-A210-5DBD87E77251}.Release|Any CPU.ActiveCfg = Release|Any CPU
		{42942C36-8184-47DC-A210-5DBD87E77251}.Release|Any CPU.Build.0 = Release|Any CPU
		{C072D077-55CE-4FA6-B44E-AE9CA0C80C20}.Debug|Any CPU.ActiveCfg = Debug|Any CPU
		{C072D077-55CE-4FA6-B44E-AE9CA0C80C20}.Debug|Any CPU.Build.0 = Debug|Any CPU
		{C072D077-55CE-4FA6-B44E-AE9CA0C80C20}.Release|Any CPU.ActiveCfg = Release|Any CPU
		{C072D077-55CE-4FA6-B44E-AE9CA0C80C20}.Release|Any CPU.Build.0 = Release|Any CPU
		{7B40A36B-B0A9-4C71-B460-F588266AB404}.Debug|Any CPU.ActiveCfg = Debug|Any CPU
		{7B40A36B-B0A9-4C71-B460-F588266AB404}.Debug|Any CPU.Build.0 = Debug|Any CPU
		{7B40A36B-B0A9-4C71-B460-F588266AB404}.Release|Any CPU.ActiveCfg = Release|Any CPU
		{7B40A36B-B0A9-4C71-B460-F588266AB404}.Release|Any CPU.Build.0 = Release|Any CPU
		{51A8D86F-23D0-4338-9A2C-2C3104B9BCE2}.Debug|Any CPU.ActiveCfg = Debug|Any CPU
		{51A8D86F-23D0-4338-9A2C-2C3104B9BCE2}.Debug|Any CPU.Build.0 = Debug|Any CPU
		{51A8D86F-23D0-4338-9A2C-2C3104B9BCE2}.Release|Any CPU.ActiveCfg = Release|Any CPU
		{51A8D86F-23D0-4338-9A2C-2C3104B9BCE2}.Release|Any CPU.Build.0 = Release|Any CPU
		{B4B3D739-615C-417F-B91A-61ECDB11FD86}.Debug|Any CPU.ActiveCfg = Debug|Any CPU
		{B4B3D739-615C-417F-B91A-61ECDB11FD86}.Debug|Any CPU.Build.0 = Debug|Any CPU
		{B4B3D739-615C-417F-B91A-61ECDB11FD86}.Release|Any CPU.ActiveCfg = Release|Any CPU
		{B4B3D739-615C-417F-B91A-61ECDB11FD86}.Release|Any CPU.Build.0 = Release|Any CPU
		{8EC1D57A-F4BB-487F-B40B-22E804BAB13F}.Debug|Any CPU.ActiveCfg = Debug|Any CPU
		{8EC1D57A-F4BB-487F-B40B-22E804BAB13F}.Debug|Any CPU.Build.0 = Debug|Any CPU
		{8EC1D57A-F4BB-487F-B40B-22E804BAB13F}.Release|Any CPU.ActiveCfg = Release|Any CPU
		{8EC1D57A-F4BB-487F-B40B-22E804BAB13F}.Release|Any CPU.Build.0 = Release|Any CPU
		{BC6263E1-E243-4396-9C52-C3C5D208EF21}.Debug|Any CPU.ActiveCfg = Debug|Any CPU
		{BC6263E1-E243-4396-9C52-C3C5D208EF21}.Debug|Any CPU.Build.0 = Debug|Any CPU
		{BC6263E1-E243-4396-9C52-C3C5D208EF21}.Release|Any CPU.ActiveCfg = Release|Any CPU
		{BC6263E1-E243-4396-9C52-C3C5D208EF21}.Release|Any CPU.Build.0 = Release|Any CPU
		{C6DF61B5-A7FF-4111-ABA0-ED261E2ECA38}.Debug|Any CPU.ActiveCfg = Debug|Any CPU
		{C6DF61B5-A7FF-4111-ABA0-ED261E2ECA38}.Debug|Any CPU.Build.0 = Debug|Any CPU
		{C6DF61B5-A7FF-4111-ABA0-ED261E2ECA38}.Release|Any CPU.ActiveCfg = Release|Any CPU
		{C6DF61B5-A7FF-4111-ABA0-ED261E2ECA38}.Release|Any CPU.Build.0 = Release|Any CPU
		{F560764D-9D1F-4978-ABEB-618C6F1AEF77}.Debug|Any CPU.ActiveCfg = Debug|Any CPU
		{F560764D-9D1F-4978-ABEB-618C6F1AEF77}.Debug|Any CPU.Build.0 = Debug|Any CPU
		{F560764D-9D1F-4978-ABEB-618C6F1AEF77}.Release|Any CPU.ActiveCfg = Release|Any CPU
		{F560764D-9D1F-4978-ABEB-618C6F1AEF77}.Release|Any CPU.Build.0 = Release|Any CPU
		{1AACD9E2-AA23-4C05-B0A6-BA6216B33DD0}.Debug|Any CPU.ActiveCfg = Debug|Any CPU
		{1AACD9E2-AA23-4C05-B0A6-BA6216B33DD0}.Debug|Any CPU.Build.0 = Debug|Any CPU
		{1AACD9E2-AA23-4C05-B0A6-BA6216B33DD0}.Release|Any CPU.ActiveCfg = Release|Any CPU
		{1AACD9E2-AA23-4C05-B0A6-BA6216B33DD0}.Release|Any CPU.Build.0 = Release|Any CPU
		{2EB6AA86-22F4-4BEE-9EE0-8328974FE37B}.Debug|Any CPU.ActiveCfg = Debug|Any CPU
		{2EB6AA86-22F4-4BEE-9EE0-8328974FE37B}.Debug|Any CPU.Build.0 = Debug|Any CPU
		{2EB6AA86-22F4-4BEE-9EE0-8328974FE37B}.Release|Any CPU.ActiveCfg = Release|Any CPU
		{2EB6AA86-22F4-4BEE-9EE0-8328974FE37B}.Release|Any CPU.Build.0 = Release|Any CPU
		{F305EE39-3C11-42C0-A355-5CA7A13F00E6}.Debug|Any CPU.ActiveCfg = Debug|Any CPU
		{F305EE39-3C11-42C0-A355-5CA7A13F00E6}.Debug|Any CPU.Build.0 = Debug|Any CPU
		{F305EE39-3C11-42C0-A355-5CA7A13F00E6}.Release|Any CPU.ActiveCfg = Release|Any CPU
		{F305EE39-3C11-42C0-A355-5CA7A13F00E6}.Release|Any CPU.Build.0 = Release|Any CPU
		{CB6D9504-1B4C-43FB-8167-673D871C816A}.Debug|Any CPU.ActiveCfg = Debug|Any CPU
		{CB6D9504-1B4C-43FB-8167-673D871C816A}.Debug|Any CPU.Build.0 = Debug|Any CPU
		{CB6D9504-1B4C-43FB-8167-673D871C816A}.Release|Any CPU.ActiveCfg = Release|Any CPU
		{CB6D9504-1B4C-43FB-8167-673D871C816A}.Release|Any CPU.Build.0 = Release|Any CPU
		{35C4FD48-8AF1-471D-BB46-935DFF92AE13}.Debug|Any CPU.ActiveCfg = Debug|Any CPU
		{35C4FD48-8AF1-471D-BB46-935DFF92AE13}.Debug|Any CPU.Build.0 = Debug|Any CPU
		{35C4FD48-8AF1-471D-BB46-935DFF92AE13}.Release|Any CPU.ActiveCfg = Release|Any CPU
		{35C4FD48-8AF1-471D-BB46-935DFF92AE13}.Release|Any CPU.Build.0 = Release|Any CPU
		{FA8C3E8B-CA79-4AD2-9DD6-A3025304868A}.Debug|Any CPU.ActiveCfg = Debug|Any CPU
		{FA8C3E8B-CA79-4AD2-9DD6-A3025304868A}.Debug|Any CPU.Build.0 = Debug|Any CPU
		{FA8C3E8B-CA79-4AD2-9DD6-A3025304868A}.Release|Any CPU.ActiveCfg = Release|Any CPU
		{FA8C3E8B-CA79-4AD2-9DD6-A3025304868A}.Release|Any CPU.Build.0 = Release|Any CPU
		{0E7B3BB6-30E0-43CB-9269-0305DD6C531C}.Debug|Any CPU.ActiveCfg = Debug|Any CPU
		{0E7B3BB6-30E0-43CB-9269-0305DD6C531C}.Debug|Any CPU.Build.0 = Debug|Any CPU
		{0E7B3BB6-30E0-43CB-9269-0305DD6C531C}.Release|Any CPU.ActiveCfg = Release|Any CPU
		{0E7B3BB6-30E0-43CB-9269-0305DD6C531C}.Release|Any CPU.Build.0 = Release|Any CPU
		{768C92AC-C21B-46E1-8EC4-C38819803BF3}.Debug|Any CPU.ActiveCfg = Debug|Any CPU
		{768C92AC-C21B-46E1-8EC4-C38819803BF3}.Debug|Any CPU.Build.0 = Debug|Any CPU
		{768C92AC-C21B-46E1-8EC4-C38819803BF3}.Release|Any CPU.ActiveCfg = Release|Any CPU
		{768C92AC-C21B-46E1-8EC4-C38819803BF3}.Release|Any CPU.Build.0 = Release|Any CPU
		{9D2D01AF-1F71-4A4D-A409-3D6B8BD03F7F}.Debug|Any CPU.ActiveCfg = Debug|Any CPU
		{9D2D01AF-1F71-4A4D-A409-3D6B8BD03F7F}.Debug|Any CPU.Build.0 = Debug|Any CPU
		{9D2D01AF-1F71-4A4D-A409-3D6B8BD03F7F}.Release|Any CPU.ActiveCfg = Release|Any CPU
		{9D2D01AF-1F71-4A4D-A409-3D6B8BD03F7F}.Release|Any CPU.Build.0 = Release|Any CPU
		{9BDFC224-8C26-4DD6-97DE-4A7DE9DBDADB}.Debug|Any CPU.ActiveCfg = Debug|Any CPU
		{9BDFC224-8C26-4DD6-97DE-4A7DE9DBDADB}.Debug|Any CPU.Build.0 = Debug|Any CPU
		{9BDFC224-8C26-4DD6-97DE-4A7DE9DBDADB}.Release|Any CPU.ActiveCfg = Release|Any CPU
		{9BDFC224-8C26-4DD6-97DE-4A7DE9DBDADB}.Release|Any CPU.Build.0 = Release|Any CPU
		{6F0CBD65-9209-4581-B244-635BFF5FF3C6}.Debug|Any CPU.ActiveCfg = Debug|Any CPU
		{6F0CBD65-9209-4581-B244-635BFF5FF3C6}.Debug|Any CPU.Build.0 = Debug|Any CPU
		{6F0CBD65-9209-4581-B244-635BFF5FF3C6}.Release|Any CPU.ActiveCfg = Release|Any CPU
		{6F0CBD65-9209-4581-B244-635BFF5FF3C6}.Release|Any CPU.Build.0 = Release|Any CPU
		{9932B615-A1D9-49C2-A847-0493C35F57FC}.Debug|Any CPU.ActiveCfg = Debug|Any CPU
		{9932B615-A1D9-49C2-A847-0493C35F57FC}.Debug|Any CPU.Build.0 = Debug|Any CPU
		{9932B615-A1D9-49C2-A847-0493C35F57FC}.Release|Any CPU.ActiveCfg = Release|Any CPU
		{9932B615-A1D9-49C2-A847-0493C35F57FC}.Release|Any CPU.Build.0 = Release|Any CPU
		{2F5DE67E-4B04-4D15-BC17-3853E243D561}.Debug|Any CPU.ActiveCfg = Debug|Any CPU
		{2F5DE67E-4B04-4D15-BC17-3853E243D561}.Debug|Any CPU.Build.0 = Debug|Any CPU
		{2F5DE67E-4B04-4D15-BC17-3853E243D561}.Release|Any CPU.ActiveCfg = Release|Any CPU
		{2F5DE67E-4B04-4D15-BC17-3853E243D561}.Release|Any CPU.Build.0 = Release|Any CPU
		{1CD112E8-266D-4BB4-9C91-45A51004A9D3}.Debug|Any CPU.ActiveCfg = Debug|Any CPU
		{1CD112E8-266D-4BB4-9C91-45A51004A9D3}.Debug|Any CPU.Build.0 = Debug|Any CPU
		{1CD112E8-266D-4BB4-9C91-45A51004A9D3}.Release|Any CPU.ActiveCfg = Release|Any CPU
		{1CD112E8-266D-4BB4-9C91-45A51004A9D3}.Release|Any CPU.Build.0 = Release|Any CPU
	EndGlobalSection
	GlobalSection(SolutionProperties) = preSolution
		HideSolutionNode = FALSE
	EndGlobalSection
	GlobalSection(NestedProjects) = preSolution
		{B5379DFD-438C-48D3-9279-6896C8CF2122} = {9ECF396F-2998-4FA7-B1EE-B081832718FB}
		{42942C36-8184-47DC-A210-5DBD87E77251} = {9ECF396F-2998-4FA7-B1EE-B081832718FB}
		{C072D077-55CE-4FA6-B44E-AE9CA0C80C20} = {E580BE7D-0B87-48A6-854B-F9A6130C5C98}
		{7B40A36B-B0A9-4C71-B460-F588266AB404} = {E580BE7D-0B87-48A6-854B-F9A6130C5C98}
		{51A8D86F-23D0-4338-9A2C-2C3104B9BCE2} = {9ECF396F-2998-4FA7-B1EE-B081832718FB}
		{B4B3D739-615C-417F-B91A-61ECDB11FD86} = {9ECF396F-2998-4FA7-B1EE-B081832718FB}
		{8EC1D57A-F4BB-487F-B40B-22E804BAB13F} = {9ECF396F-2998-4FA7-B1EE-B081832718FB}
		{BC6263E1-E243-4396-9C52-C3C5D208EF21} = {9ECF396F-2998-4FA7-B1EE-B081832718FB}
		{C6DF61B5-A7FF-4111-ABA0-ED261E2ECA38} = {E580BE7D-0B87-48A6-854B-F9A6130C5C98}
		{F560764D-9D1F-4978-ABEB-618C6F1AEF77} = {E580BE7D-0B87-48A6-854B-F9A6130C5C98}
		{1AACD9E2-AA23-4C05-B0A6-BA6216B33DD0} = {9ECF396F-2998-4FA7-B1EE-B081832718FB}
		{2EB6AA86-22F4-4BEE-9EE0-8328974FE37B} = {9ECF396F-2998-4FA7-B1EE-B081832718FB}
		{F305EE39-3C11-42C0-A355-5CA7A13F00E6} = {150A9E8E-6204-4927-8286-A171C15FF075}
		{CB6D9504-1B4C-43FB-8167-673D871C816A} = {150A9E8E-6204-4927-8286-A171C15FF075}
		{35C4FD48-8AF1-471D-BB46-935DFF92AE13} = {150A9E8E-6204-4927-8286-A171C15FF075}
		{FA8C3E8B-CA79-4AD2-9DD6-A3025304868A} = {150A9E8E-6204-4927-8286-A171C15FF075}
		{0E7B3BB6-30E0-43CB-9269-0305DD6C531C} = {150A9E8E-6204-4927-8286-A171C15FF075}
		{768C92AC-C21B-46E1-8EC4-C38819803BF3} = {150A9E8E-6204-4927-8286-A171C15FF075}
		{9D2D01AF-1F71-4A4D-A409-3D6B8BD03F7F} = {150A9E8E-6204-4927-8286-A171C15FF075}
		{9BDFC224-8C26-4DD6-97DE-4A7DE9DBDADB} = {150A9E8E-6204-4927-8286-A171C15FF075}
		{6F0CBD65-9209-4581-B244-635BFF5FF3C6} = {150A9E8E-6204-4927-8286-A171C15FF075}
		{9932B615-A1D9-49C2-A847-0493C35F57FC} = {150A9E8E-6204-4927-8286-A171C15FF075}
		{2F5DE67E-4B04-4D15-BC17-3853E243D561} = {E580BE7D-0B87-48A6-854B-F9A6130C5C98}
		{1CD112E8-266D-4BB4-9C91-45A51004A9D3} = {E580BE7D-0B87-48A6-854B-F9A6130C5C98}
	EndGlobalSection
EndGlobal
